
Microsoft Visual Studio Solution File, Format Version 12.00
# Visual Studio Version 17
VisualStudioVersion = 17.5.33516.290
MinimumVisualStudioVersion = 10.0.40219.1
Project("{FAE04EC0-301F-11D3-BF4B-00C04F79EFBC}") = "CRUDExemple", "CRUDExemple\CRUDExemple.csproj", "{BE345E25-9515-4CF7-AC98-A4DF416A7E8E}"
EndProject
Project("{FAE04EC0-301F-11D3-BF4B-00C04F79EFBC}") = "CURDTests", "CURDTests\CURDTests.csproj", "{03474A38-20B9-483F-9736-7C436BA5A2D1}"
EndProject
Project("{FAE04EC0-301F-11D3-BF4B-00C04F79EFBC}") = "Entities", "Entities\Entities.csproj", "{3F82C1B0-45AB-4A94-A352-7DB654D68E48}"
EndProject
Project("{FAE04EC0-301F-11D3-BF4B-00C04F79EFBC}") = "ServiceContracts", "ServiceContracts\ServiceContracts.csproj", "{22103622-DE16-40A7-867C-3B0492BF2B73}"
EndProject
Project("{FAE04EC0-301F-11D3-BF4B-00C04F79EFBC}") = "Services", "Services\Services.csproj", "{976B2294-C1C8-4DB6-9745-75F087F41BD7}"
EndProject
Global
	GlobalSection(SolutionConfigurationPlatforms) = preSolution
		Debug|Any CPU = Debug|Any CPU
		Release|Any CPU = Release|Any CPU
	EndGlobalSection
	GlobalSection(ProjectConfigurationPlatforms) = postSolution
		{BE345E25-9515-4CF7-AC98-A4DF416A7E8E}.Debug|Any CPU.ActiveCfg = Debug|Any CPU
		{BE345E25-9515-4CF7-AC98-A4DF416A7E8E}.Debug|Any CPU.Build.0 = Debug|Any CPU
		{BE345E25-9515-4CF7-AC98-A4DF416A7E8E}.Release|Any CPU.ActiveCfg = Release|Any CPU
		{BE345E25-9515-4CF7-AC98-A4DF416A7E8E}.Release|Any CPU.Build.0 = Release|Any CPU
		{03474A38-20B9-483F-9736-7C436BA5A2D1}.Debug|Any CPU.ActiveCfg = Debug|Any CPU
		{03474A38-20B9-483F-9736-7C436BA5A2D1}.Debug|Any CPU.Build.0 = Debug|Any CPU
		{03474A38-20B9-483F-9736-7C436BA5A2D1}.Release|Any CPU.ActiveCfg = Release|Any CPU
		{03474A38-20B9-483F-9736-7C436BA5A2D1}.Release|Any CPU.Build.0 = Release|Any CPU
		{3F82C1B0-45AB-4A94-A352-7DB654D68E48}.Debug|Any CPU.ActiveCfg = Debug|Any CPU
		{3F82C1B0-45AB-4A94-A352-7DB654D68E48}.Debug|Any CPU.Build.0 = Debug|Any CPU
		{3F82C1B0-45AB-4A94-A352-7DB654D68E48}.Release|Any CPU.ActiveCfg = Release|Any CPU
		{3F82C1B0-45AB-4A94-A352-7DB654D68E48}.Release|Any CPU.Build.0 = Release|Any CPU
		{22103622-DE16-40A7-867C-3B0492BF2B73}.Debug|Any CPU.ActiveCfg = Debug|Any CPU
		{22103622-DE16-40A7-867C-3B0492BF2B73}.Debug|Any CPU.Build.0 = Debug|Any CPU
		{22103622-DE16-40A7-867C-3B0492BF2B73}.Release|Any CPU.ActiveCfg = Release|Any CPU
		{22103622-DE16-40A7-867C-3B0492BF2B73}.Release|Any CPU.Build.0 = Release|Any CPU
		{976B2294-C1C8-4DB6-9745-75F087F41BD7}.Debug|Any CPU.ActiveCfg = Debug|Any CPU
		{976B2294-C1C8-4DB6-9745-75F087F41BD7}.Debug|Any CPU.Build.0 = Debug|Any CPU
		{976B2294-C1C8-4DB6-9745-75F087F41BD7}.Release|Any CPU.ActiveCfg = Release|Any CPU
		{976B2294-C1C8-4DB6-9745-75F087F41BD7}.Release|Any CPU.Build.0 = Release|Any CPU
	EndGlobalSection
	GlobalSection(SolutionProperties) = preSolution
		HideSolutionNode = FALSE
	EndGlobalSection
	GlobalSection(ExtensibilityGlobals) = postSolution
		SolutionGuid = {07BBE651-04CB-4D33-A1DE-7E602658CEEA}
	EndGlobalSection
EndGlobal
